
Microsoft Visual Studio Solution File, Format Version 12.00
# Visual Studio Version 16
VisualStudioVersion = 16.0.31019.35
MinimumVisualStudioVersion = 10.0.40219.1
Project("{FAE04EC0-301F-11D3-BF4B-00C04F79EFBC}") = "SignalRServer", "SignalRServer.csproj", "{AB360AD7-699E-4351-835C-CCEA0A07EFD3}"
EndProject
Global
	GlobalSection(SolutionConfigurationPlatforms) = preSolution
		Debug|Any CPU = Debug|Any CPU
		Release|Any CPU = Release|Any CPU
	EndGlobalSection
	GlobalSection(ProjectConfigurationPlatforms) = postSolution
		{AB360AD7-699E-4351-835C-CCEA0A07EFD3}.Debug|Any CPU.ActiveCfg = Debug|Any CPU
		{AB360AD7-699E-4351-835C-CCEA0A07EFD3}.Debug|Any CPU.Build.0 = Debug|Any CPU
		{AB360AD7-699E-4351-835C-CCEA0A07EFD3}.Release|Any CPU.ActiveCfg = Release|Any CPU
		{AB360AD7-699E-4351-835C-CCEA0A07EFD3}.Release|Any CPU.Build.0 = Release|Any CPU
	EndGlobalSection
	GlobalSection(SolutionProperties) = preSolution
		HideSolutionNode = FALSE
	EndGlobalSection
	GlobalSection(ExtensibilityGlobals) = postSolution
		SolutionGuid = {4C5EA0BA-804D-47B4-9335-85D17C2BA2B7}
	EndGlobalSection
EndGlobal
